
Microsoft Visual Studio Solution File, Format Version 12.00
# Visual Studio Version 16
VisualStudioVersion = 16.0.29609.76
MinimumVisualStudioVersion = 10.0.40219.1
Project("{9A19103F-16F7-4668-BE54-9A1E7A4F7556}") = "Compiler", "Compiler\Compiler.csproj", "{028BCF07-F001-4591-99AD-94F852300031}"
EndProject
Project("{2150E333-8FDC-42A3-9474-1A3956D46DE8}") = "Solution Items", "Solution Items", "{B85EA2C7-B988-4275-91B0-935CD20C7A0C}"
	ProjectSection(SolutionItems) = preProject
		.editorconfig = .editorconfig
	EndProjectSection
EndProject
Global
	GlobalSection(SolutionConfigurationPlatforms) = preSolution
		Debug|Any CPU = Debug|Any CPU
		Release|Any CPU = Release|Any CPU
	EndGlobalSection
	GlobalSection(ProjectConfigurationPlatforms) = postSolution
		{028BCF07-F001-4591-99AD-94F852300031}.Debug|Any CPU.ActiveCfg = Debug|Any CPU
		{028BCF07-F001-4591-99AD-94F852300031}.Debug|Any CPU.Build.0 = Debug|Any CPU
		{028BCF07-F001-4591-99AD-94F852300031}.Release|Any CPU.ActiveCfg = Release|Any CPU
		{028BCF07-F001-4591-99AD-94F852300031}.Release|Any CPU.Build.0 = Release|Any CPU
	EndGlobalSection
	GlobalSection(SolutionProperties) = preSolution
		HideSolutionNode = FALSE
	EndGlobalSection
	GlobalSection(ExtensibilityGlobals) = postSolution
		SolutionGuid = {1F5CCCFF-9C55-4D50-85D4-88F12334D370}
	EndGlobalSection
EndGlobal
